// !$*UTF8*$!
{
	archiveVersion = 1;
	classes = {
	};
	objectVersion = 55;
	objects = {

/* Begin PBXBuildFile section */
		68BC47B827D9294B00600E77 /* AppDelegate.swift in Sources */ = {isa = PBXBuildFile; fileRef = 68BC47B727D9294B00600E77 /* AppDelegate.swift */; };
		68BC47BA27D9294B00600E77 /* SceneDelegate.swift in Sources */ = {isa = PBXBuildFile; fileRef = 68BC47B927D9294B00600E77 /* SceneDelegate.swift */; };
		68BC47C127D9294D00600E77 /* Assets.xcassets in Resources */ = {isa = PBXBuildFile; fileRef = 68BC47C027D9294D00600E77 /* Assets.xcassets */; };
		68BC47C427D9294D00600E77 /* LaunchScreen.storyboard in Resources */ = {isa = PBXBuildFile; fileRef = 68BC47C227D9294D00600E77 /* LaunchScreen.storyboard */; };
		68BC47CF27D9294D00600E77 /* MarvelChallengeTests.swift in Sources */ = {isa = PBXBuildFile; fileRef = 68BC47CE27D9294D00600E77 /* MarvelChallengeTests.swift */; };
		68BC47D927D9294D00600E77 /* MarvelChallengeUITests.swift in Sources */ = {isa = PBXBuildFile; fileRef = 68BC47D827D9294D00600E77 /* MarvelChallengeUITests.swift */; };
		68BC47DB27D9294D00600E77 /* MarvelChallengeUITestsLaunchTests.swift in Sources */ = {isa = PBXBuildFile; fileRef = 68BC47DA27D9294D00600E77 /* MarvelChallengeUITestsLaunchTests.swift */; };
		68BC481D27D934D200600E77 /* APIKeys.swift in Sources */ = {isa = PBXBuildFile; fileRef = 68BC481C27D934D200600E77 /* APIKeys.swift */; };
		68BC482727D9350200600E77 /* LoginAPIBuilder.swift in Sources */ = {isa = PBXBuildFile; fileRef = 68BC482027D9350200600E77 /* LoginAPIBuilder.swift */; };
		68BC482827D9350200600E77 /* LoginAPIViewController.xib in Resources */ = {isa = PBXBuildFile; fileRef = 68BC482127D9350200600E77 /* LoginAPIViewController.xib */; };
		68BC482927D9350200600E77 /* LoginAPIViewController.swift in Sources */ = {isa = PBXBuildFile; fileRef = 68BC482227D9350200600E77 /* LoginAPIViewController.swift */; };
		68BC482A27D9350200600E77 /* LoginAPIPresenter.swift in Sources */ = {isa = PBXBuildFile; fileRef = 68BC482327D9350200600E77 /* LoginAPIPresenter.swift */; };
		68BC482B27D9350200600E77 /* LoginAPIWireframe.swift in Sources */ = {isa = PBXBuildFile; fileRef = 68BC482427D9350200600E77 /* LoginAPIWireframe.swift */; };
		68BC482C27D9350200600E77 /* LoginAPIViewModel.swift in Sources */ = {isa = PBXBuildFile; fileRef = 68BC482527D9350200600E77 /* LoginAPIViewModel.swift */; };
		68BC482D27D9350200600E77 /* LoginAPIInteractor.swift in Sources */ = {isa = PBXBuildFile; fileRef = 68BC482627D9350200600E77 /* LoginAPIInteractor.swift */; };
		68BC483527D9350B00600E77 /* CharacterListViewModel.swift in Sources */ = {isa = PBXBuildFile; fileRef = 68BC482E27D9350A00600E77 /* CharacterListViewModel.swift */; };
		68BC483627D9350B00600E77 /* CharacterListPresenter.swift in Sources */ = {isa = PBXBuildFile; fileRef = 68BC482F27D9350A00600E77 /* CharacterListPresenter.swift */; };
		68BC483727D9350B00600E77 /* CharacterListBuilder.swift in Sources */ = {isa = PBXBuildFile; fileRef = 68BC483027D9350A00600E77 /* CharacterListBuilder.swift */; };
		68BC483827D9350B00600E77 /* CharacterListViewController.swift in Sources */ = {isa = PBXBuildFile; fileRef = 68BC483127D9350A00600E77 /* CharacterListViewController.swift */; };
		68BC483927D9350B00600E77 /* CharacterListInteractor.swift in Sources */ = {isa = PBXBuildFile; fileRef = 68BC483227D9350B00600E77 /* CharacterListInteractor.swift */; };
		68BC483A27D9350B00600E77 /* CharacterListWireframe.swift in Sources */ = {isa = PBXBuildFile; fileRef = 68BC483327D9350B00600E77 /* CharacterListWireframe.swift */; };
		68BC483B27D9350B00600E77 /* CharacterListViewController.xib in Resources */ = {isa = PBXBuildFile; fileRef = 68BC483427D9350B00600E77 /* CharacterListViewController.xib */; };
		68BC483E27D9354100600E77 /* KeychainAccess in Frameworks */ = {isa = PBXBuildFile; productRef = 68BC483D27D9354100600E77 /* KeychainAccess */; };
		68BC484127D9358100600E77 /* RxCocoa in Frameworks */ = {isa = PBXBuildFile; productRef = 68BC484027D9358100600E77 /* RxCocoa */; };
		68BC484327D9358100600E77 /* RxSwift in Frameworks */ = {isa = PBXBuildFile; productRef = 68BC484227D9358100600E77 /* RxSwift */; };
		68BC484527D935CF00600E77 /* Character.swift in Sources */ = {isa = PBXBuildFile; fileRef = 68BC484427D935CF00600E77 /* Character.swift */; };
		68BC484727D935F500600E77 /* CharacterItems.swift in Sources */ = {isa = PBXBuildFile; fileRef = 68BC484627D935F500600E77 /* CharacterItems.swift */; };
		68BC484927D9360500600E77 /* MarvelUrl.swift in Sources */ = {isa = PBXBuildFile; fileRef = 68BC484827D9360500600E77 /* MarvelUrl.swift */; };
		68BC484B27D9361900600E77 /* MarvelImage.swift in Sources */ = {isa = PBXBuildFile; fileRef = 68BC484A27D9361900600E77 /* MarvelImage.swift */; };
		68BC484D27D9366400600E77 /* Localized+String.swift in Sources */ = {isa = PBXBuildFile; fileRef = 68BC484C27D9366400600E77 /* Localized+String.swift */; };
		68BC484F27D936C400600E77 /* Alert.swift in Sources */ = {isa = PBXBuildFile; fileRef = 68BC484E27D936C400600E77 /* Alert.swift */; };
		68BC485227D936F600600E77 /* MVReachability.swift in Sources */ = {isa = PBXBuildFile; fileRef = 68BC485127D936F600600E77 /* MVReachability.swift */; };
		68BC485427D9370300600E77 /* APIConfiguration.swift in Sources */ = {isa = PBXBuildFile; fileRef = 68BC485327D9370300600E77 /* APIConfiguration.swift */; };
		68BC485627D9371000600E77 /* APIRequest.swift in Sources */ = {isa = PBXBuildFile; fileRef = 68BC485527D9371000600E77 /* APIRequest.swift */; };
		68BC485827D9371D00600E77 /* APIResponse.swift in Sources */ = {isa = PBXBuildFile; fileRef = 68BC485727D9371D00600E77 /* APIResponse.swift */; };
		68BC485A27D9372C00600E77 /* APIError.swift in Sources */ = {isa = PBXBuildFile; fileRef = 68BC485927D9372C00600E77 /* APIError.swift */; };
		68BC485D27D9374200600E77 /* APIClient.swift in Sources */ = {isa = PBXBuildFile; fileRef = 68BC485C27D9374200600E77 /* APIClient.swift */; };
		68BC485F27D9376800600E77 /* SessionProtocol.swift in Sources */ = {isa = PBXBuildFile; fileRef = 68BC485E27D9376800600E77 /* SessionProtocol.swift */; };
		68BC486127D937DF00600E77 /* ShakingTextField.swift in Sources */ = {isa = PBXBuildFile; fileRef = 68BC486027D937DF00600E77 /* ShakingTextField.swift */; };
		68BC486327D9380400600E77 /* ThemeManager.swift in Sources */ = {isa = PBXBuildFile; fileRef = 68BC486227D9380400600E77 /* ThemeManager.swift */; };
		68BC486527D9391C00600E77 /* STLoaderSpinner.swift in Sources */ = {isa = PBXBuildFile; fileRef = 68BC486427D9391C00600E77 /* STLoaderSpinner.swift */; };
		68BC486727D9394900600E77 /* BorderBottom+UITextField.swift in Sources */ = {isa = PBXBuildFile; fileRef = 68BC486627D9394900600E77 /* BorderBottom+UITextField.swift */; };
		68BC486927D9397900600E77 /* CustomAlert+UIViewController.swift in Sources */ = {isa = PBXBuildFile; fileRef = 68BC486827D9397900600E77 /* CustomAlert+UIViewController.swift */; };
		68BC486F27D939F200600E77 /* CustomAlertViewController.swift in Sources */ = {isa = PBXBuildFile; fileRef = 68BC486D27D939F200600E77 /* CustomAlertViewController.swift */; };
		68BC487027D939F200600E77 /* CustomAlertViewController.xib in Resources */ = {isa = PBXBuildFile; fileRef = 68BC486E27D939F200600E77 /* CustomAlertViewController.xib */; };
		68BC487327D9758400600E77 /* CharacterListCell.swift in Sources */ = {isa = PBXBuildFile; fileRef = 68BC487127D9758400600E77 /* CharacterListCell.swift */; };
		68BC487427D9758400600E77 /* CharacterListCell.xib in Resources */ = {isa = PBXBuildFile; fileRef = 68BC487227D9758400600E77 /* CharacterListCell.xib */; };
		68BC487727D9759A00600E77 /* LoadingCell.swift in Sources */ = {isa = PBXBuildFile; fileRef = 68BC487527D9759A00600E77 /* LoadingCell.swift */; };
		68BC487827D9759A00600E77 /* LoadingCell.xib in Resources */ = {isa = PBXBuildFile; fileRef = 68BC487627D9759A00600E77 /* LoadingCell.xib */; };
		68BC488227D9768D00600E77 /* ImageDownload+UIImageView.swift in Sources */ = {isa = PBXBuildFile; fileRef = 68BC488127D9768D00600E77 /* ImageDownload+UIImageView.swift */; };
		68BC488527D9775600600E77 /* Kingfisher in Frameworks */ = {isa = PBXBuildFile; productRef = 68BC488427D9775600600E77 /* Kingfisher */; };
		68BC488727D9779800600E77 /* AutoSearchTimer.swift in Sources */ = {isa = PBXBuildFile; fileRef = 68BC488627D9779800600E77 /* AutoSearchTimer.swift */; };
		68BC488927D977B400600E77 /* SearchFooter.swift in Sources */ = {isa = PBXBuildFile; fileRef = 68BC488827D977B400600E77 /* SearchFooter.swift */; };
		68BC488B27D9830100600E77 /* LoginPresenterTest.swift in Sources */ = {isa = PBXBuildFile; fileRef = 68BC488A27D9830100600E77 /* LoginPresenterTest.swift */; };
		68BC488D27D9833600600E77 /* CharacterListPresenterTest.swift in Sources */ = {isa = PBXBuildFile; fileRef = 68BC488C27D9833600600E77 /* CharacterListPresenterTest.swift */; };
		68BC489027D987CE00600E77 /* DefaultValues.swift in Sources */ = {isa = PBXBuildFile; fileRef = 68BC488F27D987CE00600E77 /* DefaultValues.swift */; };
		68BC489227D987D800600E77 /* request_success.json in Resources */ = {isa = PBXBuildFile; fileRef = 68BC489127D987D800600E77 /* request_success.json */; };
		68BC489B27DA9F1A00600E77 /* CharacterDetailPresenter.swift in Sources */ = {isa = PBXBuildFile; fileRef = 68BC489427DA9F1A00600E77 /* CharacterDetailPresenter.swift */; };
		68BC489C27DA9F1A00600E77 /* CharacterDetailViewController.swift in Sources */ = {isa = PBXBuildFile; fileRef = 68BC489527DA9F1A00600E77 /* CharacterDetailViewController.swift */; };
		68BC489D27DA9F1A00600E77 /* CharacterDetailBuilder.swift in Sources */ = {isa = PBXBuildFile; fileRef = 68BC489627DA9F1A00600E77 /* CharacterDetailBuilder.swift */; };
		68BC489E27DA9F1A00600E77 /* CharacterDetailInteractor.swift in Sources */ = {isa = PBXBuildFile; fileRef = 68BC489727DA9F1A00600E77 /* CharacterDetailInteractor.swift */; };
		68BC489F27DA9F1A00600E77 /* CharacterDetailViewModel.swift in Sources */ = {isa = PBXBuildFile; fileRef = 68BC489827DA9F1A00600E77 /* CharacterDetailViewModel.swift */; };
		68BC48A027DA9F1A00600E77 /* CharacterDetailViewController.xib in Resources */ = {isa = PBXBuildFile; fileRef = 68BC489927DA9F1A00600E77 /* CharacterDetailViewController.xib */; };
		68BC48A127DA9F1A00600E77 /* CharacterDetailWireframe.swift in Sources */ = {isa = PBXBuildFile; fileRef = 68BC489A27DA9F1A00600E77 /* CharacterDetailWireframe.swift */; };
		68BC48A627DAA06F00600E77 /* CharacterDetailHeaderCell.swift in Sources */ = {isa = PBXBuildFile; fileRef = 68BC48A427DAA06F00600E77 /* CharacterDetailHeaderCell.swift */; };
		68BC48A727DAA06F00600E77 /* CharacterDetailHeaderCell.xib in Resources */ = {isa = PBXBuildFile; fileRef = 68BC48A527DAA06F00600E77 /* CharacterDetailHeaderCell.xib */; };
		68BC48AA27DAA18200600E77 /* DetailTableViewCell.swift in Sources */ = {isa = PBXBuildFile; fileRef = 68BC48A827DAA18200600E77 /* DetailTableViewCell.swift */; };
		68BC48AB27DAA18200600E77 /* DetailTableViewCell.xib in Resources */ = {isa = PBXBuildFile; fileRef = 68BC48A927DAA18200600E77 /* DetailTableViewCell.xib */; };
		68BC48AE27DAA1E000600E77 /* DetailCollectionViewCell.swift in Sources */ = {isa = PBXBuildFile; fileRef = 68BC48AC27DAA1E000600E77 /* DetailCollectionViewCell.swift */; };
		68BC48AF27DAA1E000600E77 /* DetailCollectionViewCell.xib in Resources */ = {isa = PBXBuildFile; fileRef = 68BC48AD27DAA1E000600E77 /* DetailCollectionViewCell.xib */; };
		68BC48B127DAA35600600E77 /* LoaderSpinnerCollectionViewCell.swift in Sources */ = {isa = PBXBuildFile; fileRef = 68BC48B027DAA35600600E77 /* LoaderSpinnerCollectionViewCell.swift */; };
		68BC48B627DAA6DD00600E77 /* Localizable.strings in Resources */ = {isa = PBXBuildFile; fileRef = 68BC48B827DAA6DD00600E77 /* Localizable.strings */; };
		68BC48BE27DABA8200600E77 /* ExtendDetailViewController.swift in Sources */ = {isa = PBXBuildFile; fileRef = 68BC48BC27DABA8200600E77 /* ExtendDetailViewController.swift */; };
		68BC48BF27DABA8200600E77 /* ExtendDetailViewController.xib in Resources */ = {isa = PBXBuildFile; fileRef = 68BC48BD27DABA8200600E77 /* ExtendDetailViewController.xib */; };
		68BC48C227DABBE300600E77 /* CharacterWikiViewController.swift in Sources */ = {isa = PBXBuildFile; fileRef = 68BC48C027DABBE300600E77 /* CharacterWikiViewController.swift */; };
		68BC48C327DABBE300600E77 /* CharacterWikiViewController.xib in Resources */ = {isa = PBXBuildFile; fileRef = 68BC48C127DABBE300600E77 /* CharacterWikiViewController.xib */; };
/* End PBXBuildFile section */

/* Begin PBXContainerItemProxy section */
		68BC47CB27D9294D00600E77 /* PBXContainerItemProxy */ = {
			isa = PBXContainerItemProxy;
			containerPortal = 68BC47AC27D9294B00600E77 /* Project object */;
			proxyType = 1;
			remoteGlobalIDString = 68BC47B327D9294B00600E77;
			remoteInfo = MarvelChallenge;
		};
		68BC47D527D9294D00600E77 /* PBXContainerItemProxy */ = {
			isa = PBXContainerItemProxy;
			containerPortal = 68BC47AC27D9294B00600E77 /* Project object */;
			proxyType = 1;
			remoteGlobalIDString = 68BC47B327D9294B00600E77;
			remoteInfo = MarvelChallenge;
		};
/* End PBXContainerItemProxy section */

/* Begin PBXFileReference section */
		68BC47B427D9294B00600E77 /* MarvelChallenge.app */ = {isa = PBXFileReference; explicitFileType = wrapper.application; includeInIndex = 0; path = MarvelChallenge.app; sourceTree = BUILT_PRODUCTS_DIR; };
		68BC47B727D9294B00600E77 /* AppDelegate.swift */ = {isa = PBXFileReference; lastKnownFileType = sourcecode.swift; path = AppDelegate.swift; sourceTree = "<group>"; };
		68BC47B927D9294B00600E77 /* SceneDelegate.swift */ = {isa = PBXFileReference; lastKnownFileType = sourcecode.swift; path = SceneDelegate.swift; sourceTree = "<group>"; };
		68BC47C027D9294D00600E77 /* Assets.xcassets */ = {isa = PBXFileReference; lastKnownFileType = folder.assetcatalog; path = Assets.xcassets; sourceTree = "<group>"; };
		68BC47C327D9294D00600E77 /* Base */ = {isa = PBXFileReference; lastKnownFileType = file.storyboard; name = Base; path = Base.lproj/LaunchScreen.storyboard; sourceTree = "<group>"; };
		68BC47C527D9294D00600E77 /* Info.plist */ = {isa = PBXFileReference; lastKnownFileType = text.plist.xml; path = Info.plist; sourceTree = "<group>"; };
		68BC47CA27D9294D00600E77 /* MarvelChallengeTests.xctest */ = {isa = PBXFileReference; explicitFileType = wrapper.cfbundle; includeInIndex = 0; path = MarvelChallengeTests.xctest; sourceTree = BUILT_PRODUCTS_DIR; };
		68BC47CE27D9294D00600E77 /* MarvelChallengeTests.swift */ = {isa = PBXFileReference; lastKnownFileType = sourcecode.swift; path = MarvelChallengeTests.swift; sourceTree = "<group>"; };
		68BC47D427D9294D00600E77 /* MarvelChallengeUITests.xctest */ = {isa = PBXFileReference; explicitFileType = wrapper.cfbundle; includeInIndex = 0; path = MarvelChallengeUITests.xctest; sourceTree = BUILT_PRODUCTS_DIR; };
		68BC47D827D9294D00600E77 /* MarvelChallengeUITests.swift */ = {isa = PBXFileReference; lastKnownFileType = sourcecode.swift; path = MarvelChallengeUITests.swift; sourceTree = "<group>"; };
		68BC47DA27D9294D00600E77 /* MarvelChallengeUITestsLaunchTests.swift */ = {isa = PBXFileReference; lastKnownFileType = sourcecode.swift; path = MarvelChallengeUITestsLaunchTests.swift; sourceTree = "<group>"; };
		68BC481C27D934D200600E77 /* APIKeys.swift */ = {isa = PBXFileReference; fileEncoding = 4; lastKnownFileType = sourcecode.swift; path = APIKeys.swift; sourceTree = "<group>"; };
		68BC482027D9350200600E77 /* LoginAPIBuilder.swift */ = {isa = PBXFileReference; fileEncoding = 4; lastKnownFileType = sourcecode.swift; path = LoginAPIBuilder.swift; sourceTree = "<group>"; };
		68BC482127D9350200600E77 /* LoginAPIViewController.xib */ = {isa = PBXFileReference; fileEncoding = 4; lastKnownFileType = file.xib; path = LoginAPIViewController.xib; sourceTree = "<group>"; };
		68BC482227D9350200600E77 /* LoginAPIViewController.swift */ = {isa = PBXFileReference; fileEncoding = 4; lastKnownFileType = sourcecode.swift; path = LoginAPIViewController.swift; sourceTree = "<group>"; };
		68BC482327D9350200600E77 /* LoginAPIPresenter.swift */ = {isa = PBXFileReference; fileEncoding = 4; lastKnownFileType = sourcecode.swift; path = LoginAPIPresenter.swift; sourceTree = "<group>"; };
		68BC482427D9350200600E77 /* LoginAPIWireframe.swift */ = {isa = PBXFileReference; fileEncoding = 4; lastKnownFileType = sourcecode.swift; path = LoginAPIWireframe.swift; sourceTree = "<group>"; };
		68BC482527D9350200600E77 /* LoginAPIViewModel.swift */ = {isa = PBXFileReference; fileEncoding = 4; lastKnownFileType = sourcecode.swift; path = LoginAPIViewModel.swift; sourceTree = "<group>"; };
		68BC482627D9350200600E77 /* LoginAPIInteractor.swift */ = {isa = PBXFileReference; fileEncoding = 4; lastKnownFileType = sourcecode.swift; path = LoginAPIInteractor.swift; sourceTree = "<group>"; };
		68BC482E27D9350A00600E77 /* CharacterListViewModel.swift */ = {isa = PBXFileReference; fileEncoding = 4; lastKnownFileType = sourcecode.swift; path = CharacterListViewModel.swift; sourceTree = "<group>"; };
		68BC482F27D9350A00600E77 /* CharacterListPresenter.swift */ = {isa = PBXFileReference; fileEncoding = 4; lastKnownFileType = sourcecode.swift; path = CharacterListPresenter.swift; sourceTree = "<group>"; };
		68BC483027D9350A00600E77 /* CharacterListBuilder.swift */ = {isa = PBXFileReference; fileEncoding = 4; lastKnownFileType = sourcecode.swift; path = CharacterListBuilder.swift; sourceTree = "<group>"; };
		68BC483127D9350A00600E77 /* CharacterListViewController.swift */ = {isa = PBXFileReference; fileEncoding = 4; lastKnownFileType = sourcecode.swift; path = CharacterListViewController.swift; sourceTree = "<group>"; };
		68BC483227D9350B00600E77 /* CharacterListInteractor.swift */ = {isa = PBXFileReference; fileEncoding = 4; lastKnownFileType = sourcecode.swift; path = CharacterListInteractor.swift; sourceTree = "<group>"; };
		68BC483327D9350B00600E77 /* CharacterListWireframe.swift */ = {isa = PBXFileReference; fileEncoding = 4; lastKnownFileType = sourcecode.swift; path = CharacterListWireframe.swift; sourceTree = "<group>"; };
		68BC483427D9350B00600E77 /* CharacterListViewController.xib */ = {isa = PBXFileReference; fileEncoding = 4; lastKnownFileType = file.xib; path = CharacterListViewController.xib; sourceTree = "<group>"; };
		68BC484427D935CF00600E77 /* Character.swift */ = {isa = PBXFileReference; lastKnownFileType = sourcecode.swift; path = Character.swift; sourceTree = "<group>"; };
		68BC484627D935F500600E77 /* CharacterItems.swift */ = {isa = PBXFileReference; lastKnownFileType = sourcecode.swift; path = CharacterItems.swift; sourceTree = "<group>"; };
		68BC484827D9360500600E77 /* MarvelUrl.swift */ = {isa = PBXFileReference; lastKnownFileType = sourcecode.swift; path = MarvelUrl.swift; sourceTree = "<group>"; };
		68BC484A27D9361900600E77 /* MarvelImage.swift */ = {isa = PBXFileReference; lastKnownFileType = sourcecode.swift; path = MarvelImage.swift; sourceTree = "<group>"; };
		68BC484C27D9366400600E77 /* Localized+String.swift */ = {isa = PBXFileReference; lastKnownFileType = sourcecode.swift; path = "Localized+String.swift"; sourceTree = "<group>"; };
		68BC484E27D936C400600E77 /* Alert.swift */ = {isa = PBXFileReference; lastKnownFileType = sourcecode.swift; path = Alert.swift; sourceTree = "<group>"; };
		68BC485127D936F600600E77 /* MVReachability.swift */ = {isa = PBXFileReference; lastKnownFileType = sourcecode.swift; path = MVReachability.swift; sourceTree = "<group>"; };
		68BC485327D9370300600E77 /* APIConfiguration.swift */ = {isa = PBXFileReference; lastKnownFileType = sourcecode.swift; path = APIConfiguration.swift; sourceTree = "<group>"; };
		68BC485527D9371000600E77 /* APIRequest.swift */ = {isa = PBXFileReference; lastKnownFileType = sourcecode.swift; path = APIRequest.swift; sourceTree = "<group>"; };
		68BC485727D9371D00600E77 /* APIResponse.swift */ = {isa = PBXFileReference; lastKnownFileType = sourcecode.swift; path = APIResponse.swift; sourceTree = "<group>"; };
		68BC485927D9372C00600E77 /* APIError.swift */ = {isa = PBXFileReference; lastKnownFileType = sourcecode.swift; path = APIError.swift; sourceTree = "<group>"; };
		68BC485C27D9374200600E77 /* APIClient.swift */ = {isa = PBXFileReference; lastKnownFileType = sourcecode.swift; path = APIClient.swift; sourceTree = "<group>"; };
		68BC485E27D9376800600E77 /* SessionProtocol.swift */ = {isa = PBXFileReference; lastKnownFileType = sourcecode.swift; path = SessionProtocol.swift; sourceTree = "<group>"; };
		68BC486027D937DF00600E77 /* ShakingTextField.swift */ = {isa = PBXFileReference; lastKnownFileType = sourcecode.swift; path = ShakingTextField.swift; sourceTree = "<group>"; };
		68BC486227D9380400600E77 /* ThemeManager.swift */ = {isa = PBXFileReference; lastKnownFileType = sourcecode.swift; path = ThemeManager.swift; sourceTree = "<group>"; };
		68BC486427D9391C00600E77 /* STLoaderSpinner.swift */ = {isa = PBXFileReference; lastKnownFileType = sourcecode.swift; path = STLoaderSpinner.swift; sourceTree = "<group>"; };
		68BC486627D9394900600E77 /* BorderBottom+UITextField.swift */ = {isa = PBXFileReference; lastKnownFileType = sourcecode.swift; path = "BorderBottom+UITextField.swift"; sourceTree = "<group>"; };
		68BC486827D9397900600E77 /* CustomAlert+UIViewController.swift */ = {isa = PBXFileReference; lastKnownFileType = sourcecode.swift; path = "CustomAlert+UIViewController.swift"; sourceTree = "<group>"; };
		68BC486D27D939F200600E77 /* CustomAlertViewController.swift */ = {isa = PBXFileReference; lastKnownFileType = sourcecode.swift; path = CustomAlertViewController.swift; sourceTree = "<group>"; };
		68BC486E27D939F200600E77 /* CustomAlertViewController.xib */ = {isa = PBXFileReference; lastKnownFileType = file.xib; path = CustomAlertViewController.xib; sourceTree = "<group>"; };
		68BC487127D9758400600E77 /* CharacterListCell.swift */ = {isa = PBXFileReference; lastKnownFileType = sourcecode.swift; path = CharacterListCell.swift; sourceTree = "<group>"; };
		68BC487227D9758400600E77 /* CharacterListCell.xib */ = {isa = PBXFileReference; lastKnownFileType = file.xib; path = CharacterListCell.xib; sourceTree = "<group>"; };
		68BC487527D9759A00600E77 /* LoadingCell.swift */ = {isa = PBXFileReference; lastKnownFileType = sourcecode.swift; path = LoadingCell.swift; sourceTree = "<group>"; };
		68BC487627D9759A00600E77 /* LoadingCell.xib */ = {isa = PBXFileReference; lastKnownFileType = file.xib; path = LoadingCell.xib; sourceTree = "<group>"; };
		68BC488127D9768D00600E77 /* ImageDownload+UIImageView.swift */ = {isa = PBXFileReference; lastKnownFileType = sourcecode.swift; path = "ImageDownload+UIImageView.swift"; sourceTree = "<group>"; };
		68BC488627D9779800600E77 /* AutoSearchTimer.swift */ = {isa = PBXFileReference; lastKnownFileType = sourcecode.swift; path = AutoSearchTimer.swift; sourceTree = "<group>"; };
		68BC488827D977B400600E77 /* SearchFooter.swift */ = {isa = PBXFileReference; lastKnownFileType = sourcecode.swift; path = SearchFooter.swift; sourceTree = "<group>"; };
		68BC488A27D9830100600E77 /* LoginPresenterTest.swift */ = {isa = PBXFileReference; lastKnownFileType = sourcecode.swift; path = LoginPresenterTest.swift; sourceTree = "<group>"; };
		68BC488C27D9833600600E77 /* CharacterListPresenterTest.swift */ = {isa = PBXFileReference; lastKnownFileType = sourcecode.swift; path = CharacterListPresenterTest.swift; sourceTree = "<group>"; };
		68BC488F27D987CE00600E77 /* DefaultValues.swift */ = {isa = PBXFileReference; lastKnownFileType = sourcecode.swift; path = DefaultValues.swift; sourceTree = "<group>"; };
		68BC489127D987D800600E77 /* request_success.json */ = {isa = PBXFileReference; fileEncoding = 4; lastKnownFileType = text.json; path = request_success.json; sourceTree = "<group>"; };
		68BC489427DA9F1A00600E77 /* CharacterDetailPresenter.swift */ = {isa = PBXFileReference; lastKnownFileType = sourcecode.swift; path = CharacterDetailPresenter.swift; sourceTree = "<group>"; };
		68BC489527DA9F1A00600E77 /* CharacterDetailViewController.swift */ = {isa = PBXFileReference; lastKnownFileType = sourcecode.swift; path = CharacterDetailViewController.swift; sourceTree = "<group>"; };
		68BC489627DA9F1A00600E77 /* CharacterDetailBuilder.swift */ = {isa = PBXFileReference; lastKnownFileType = sourcecode.swift; path = CharacterDetailBuilder.swift; sourceTree = "<group>"; };
		68BC489727DA9F1A00600E77 /* CharacterDetailInteractor.swift */ = {isa = PBXFileReference; lastKnownFileType = sourcecode.swift; path = CharacterDetailInteractor.swift; sourceTree = "<group>"; };
		68BC489827DA9F1A00600E77 /* CharacterDetailViewModel.swift */ = {isa = PBXFileReference; lastKnownFileType = sourcecode.swift; path = CharacterDetailViewModel.swift; sourceTree = "<group>"; };
		68BC489927DA9F1A00600E77 /* CharacterDetailViewController.xib */ = {isa = PBXFileReference; lastKnownFileType = file.xib; path = CharacterDetailViewController.xib; sourceTree = "<group>"; };
		68BC489A27DA9F1A00600E77 /* CharacterDetailWireframe.swift */ = {isa = PBXFileReference; lastKnownFileType = sourcecode.swift; path = CharacterDetailWireframe.swift; sourceTree = "<group>"; };
		68BC48A427DAA06F00600E77 /* CharacterDetailHeaderCell.swift */ = {isa = PBXFileReference; lastKnownFileType = sourcecode.swift; path = CharacterDetailHeaderCell.swift; sourceTree = "<group>"; };
		68BC48A527DAA06F00600E77 /* CharacterDetailHeaderCell.xib */ = {isa = PBXFileReference; lastKnownFileType = file.xib; path = CharacterDetailHeaderCell.xib; sourceTree = "<group>"; };
		68BC48A827DAA18200600E77 /* DetailTableViewCell.swift */ = {isa = PBXFileReference; lastKnownFileType = sourcecode.swift; path = DetailTableViewCell.swift; sourceTree = "<group>"; };
		68BC48A927DAA18200600E77 /* DetailTableViewCell.xib */ = {isa = PBXFileReference; lastKnownFileType = file.xib; path = DetailTableViewCell.xib; sourceTree = "<group>"; };
		68BC48AC27DAA1E000600E77 /* DetailCollectionViewCell.swift */ = {isa = PBXFileReference; lastKnownFileType = sourcecode.swift; path = DetailCollectionViewCell.swift; sourceTree = "<group>"; };
		68BC48AD27DAA1E000600E77 /* DetailCollectionViewCell.xib */ = {isa = PBXFileReference; lastKnownFileType = file.xib; path = DetailCollectionViewCell.xib; sourceTree = "<group>"; };
		68BC48B027DAA35600600E77 /* LoaderSpinnerCollectionViewCell.swift */ = {isa = PBXFileReference; lastKnownFileType = sourcecode.swift; path = LoaderSpinnerCollectionViewCell.swift; sourceTree = "<group>"; };
		68BC48B327DAA69D00600E77 /* es */ = {isa = PBXFileReference; lastKnownFileType = text.plist.strings; name = es; path = es.lproj/LaunchScreen.strings; sourceTree = "<group>"; };
		68BC48B727DAA6DD00600E77 /* en */ = {isa = PBXFileReference; lastKnownFileType = text.plist.strings; name = en; path = en.lproj/Localizable.strings; sourceTree = "<group>"; };
		68BC48B927DAA6DE00600E77 /* es */ = {isa = PBXFileReference; lastKnownFileType = text.plist.strings; name = es; path = es.lproj/Localizable.strings; sourceTree = "<group>"; };
		68BC48BC27DABA8200600E77 /* ExtendDetailViewController.swift */ = {isa = PBXFileReference; lastKnownFileType = sourcecode.swift; path = ExtendDetailViewController.swift; sourceTree = "<group>"; };
		68BC48BD27DABA8200600E77 /* ExtendDetailViewController.xib */ = {isa = PBXFileReference; lastKnownFileType = file.xib; path = ExtendDetailViewController.xib; sourceTree = "<group>"; };
		68BC48C027DABBE300600E77 /* CharacterWikiViewController.swift */ = {isa = PBXFileReference; lastKnownFileType = sourcecode.swift; path = CharacterWikiViewController.swift; sourceTree = "<group>"; };
		68BC48C127DABBE300600E77 /* CharacterWikiViewController.xib */ = {isa = PBXFileReference; lastKnownFileType = file.xib; path = CharacterWikiViewController.xib; sourceTree = "<group>"; };
/* End PBXFileReference section */

/* Begin PBXFrameworksBuildPhase section */
		68BC47B127D9294B00600E77 /* Frameworks */ = {
			isa = PBXFrameworksBuildPhase;
			buildActionMask = 2147483647;
			files = (
				68BC488527D9775600600E77 /* Kingfisher in Frameworks */,
				68BC484327D9358100600E77 /* RxSwift in Frameworks */,
				68BC484127D9358100600E77 /* RxCocoa in Frameworks */,
				68BC483E27D9354100600E77 /* KeychainAccess in Frameworks */,
			);
			runOnlyForDeploymentPostprocessing = 0;
		};
		68BC47C727D9294D00600E77 /* Frameworks */ = {
			isa = PBXFrameworksBuildPhase;
			buildActionMask = 2147483647;
			files = (
			);
			runOnlyForDeploymentPostprocessing = 0;
		};
		68BC47D127D9294D00600E77 /* Frameworks */ = {
			isa = PBXFrameworksBuildPhase;
			buildActionMask = 2147483647;
			files = (
			);
			runOnlyForDeploymentPostprocessing = 0;
		};
/* End PBXFrameworksBuildPhase section */

/* Begin PBXGroup section */
		68BC47AB27D9294B00600E77 = {
			isa = PBXGroup;
			children = (
				68BC47B627D9294B00600E77 /* MarvelChallenge */,
				68BC47CD27D9294D00600E77 /* MarvelChallengeTests */,
				68BC47D727D9294D00600E77 /* MarvelChallengeUITests */,
				68BC47B527D9294B00600E77 /* Products */,
			);
			sourceTree = "<group>";
		};
		68BC47B527D9294B00600E77 /* Products */ = {
			isa = PBXGroup;
			children = (
				68BC47B427D9294B00600E77 /* MarvelChallenge.app */,
				68BC47CA27D9294D00600E77 /* MarvelChallengeTests.xctest */,
				68BC47D427D9294D00600E77 /* MarvelChallengeUITests.xctest */,
			);
			name = Products;
			sourceTree = "<group>";
		};
		68BC47B627D9294B00600E77 /* MarvelChallenge */ = {
			isa = PBXGroup;
			children = (
				68BC481627D9347700600E77 /* Scenes */,
				68BC481727D9347D00600E77 /* Reusable Cells */,
				68BC481827D9348800600E77 /* Models */,
				68BC481927D9348F00600E77 /* Helpers */,
				68BC481A27D9349600600E77 /* Networking */,
				68BC481B27D9349D00600E77 /* Support */,
			);
			path = MarvelChallenge;
			sourceTree = "<group>";
		};
		68BC47CD27D9294D00600E77 /* MarvelChallengeTests */ = {
			isa = PBXGroup;
			children = (
				68BC488E27D987A500600E77 /* Mocks */,
				68BC47CE27D9294D00600E77 /* MarvelChallengeTests.swift */,
				68BC488A27D9830100600E77 /* LoginPresenterTest.swift */,
				68BC488C27D9833600600E77 /* CharacterListPresenterTest.swift */,
			);
			path = MarvelChallengeTests;
			sourceTree = "<group>";
		};
		68BC47D727D9294D00600E77 /* MarvelChallengeUITests */ = {
			isa = PBXGroup;
			children = (
				68BC47D827D9294D00600E77 /* MarvelChallengeUITests.swift */,
				68BC47DA27D9294D00600E77 /* MarvelChallengeUITestsLaunchTests.swift */,
			);
			path = MarvelChallengeUITests;
			sourceTree = "<group>";
		};
		68BC481627D9347700600E77 /* Scenes */ = {
			isa = PBXGroup;
			children = (
				68BC48BB27DABA1F00600E77 /* Character Wiki */,
				68BC48BA27DABA0E00600E77 /* Extend Detail */,
				68BC481E27D934EA00600E77 /* Login API */,
				68BC481F27D934F400600E77 /* Character List */,
				68BC489327DA9EBF00600E77 /* Character Detail */,
				68BC486A27D939A600600E77 /* No internet */,
			);
			path = Scenes;
			sourceTree = "<group>";
		};
		68BC481727D9347D00600E77 /* Reusable Cells */ = {
			isa = PBXGroup;
			children = (
				68BC48A327DAA02700600E77 /* CollectionView */,
				68BC48A227DAA01900600E77 /* TableView */,
			);
			path = "Reusable Cells";
			sourceTree = "<group>";
		};
		68BC481827D9348800600E77 /* Models */ = {
			isa = PBXGroup;
			children = (
				68BC484427D935CF00600E77 /* Character.swift */,
				68BC484627D935F500600E77 /* CharacterItems.swift */,
				68BC484827D9360500600E77 /* MarvelUrl.swift */,
				68BC484A27D9361900600E77 /* MarvelImage.swift */,
			);
			path = Models;
			sourceTree = "<group>";
		};
		68BC481927D9348F00600E77 /* Helpers */ = {
			isa = PBXGroup;
			children = (
				68BC484C27D9366400600E77 /* Localized+String.swift */,
				68BC486027D937DF00600E77 /* ShakingTextField.swift */,
				68BC486427D9391C00600E77 /* STLoaderSpinner.swift */,
				68BC486627D9394900600E77 /* BorderBottom+UITextField.swift */,
				68BC486827D9397900600E77 /* CustomAlert+UIViewController.swift */,
				68BC488127D9768D00600E77 /* ImageDownload+UIImageView.swift */,
				68BC488627D9779800600E77 /* AutoSearchTimer.swift */,
				68BC488827D977B400600E77 /* SearchFooter.swift */,
			);
			path = Helpers;
			sourceTree = "<group>";
		};
		68BC481A27D9349600600E77 /* Networking */ = {
			isa = PBXGroup;
			children = (
				68BC481C27D934D200600E77 /* APIKeys.swift */,
				68BC484E27D936C400600E77 /* Alert.swift */,
				68BC485127D936F600600E77 /* MVReachability.swift */,
				68BC485327D9370300600E77 /* APIConfiguration.swift */,
				68BC485527D9371000600E77 /* APIRequest.swift */,
				68BC485727D9371D00600E77 /* APIResponse.swift */,
				68BC485927D9372C00600E77 /* APIError.swift */,
				68BC485C27D9374200600E77 /* APIClient.swift */,
				68BC485E27D9376800600E77 /* SessionProtocol.swift */,
			);
			path = Networking;
			sourceTree = "<group>";
		};
		68BC481B27D9349D00600E77 /* Support */ = {
			isa = PBXGroup;
			children = (
				68BC47B727D9294B00600E77 /* AppDelegate.swift */,
				68BC47B927D9294B00600E77 /* SceneDelegate.swift */,
				68BC47C027D9294D00600E77 /* Assets.xcassets */,
				68BC47C227D9294D00600E77 /* LaunchScreen.storyboard */,
				68BC47C527D9294D00600E77 /* Info.plist */,
				68BC486227D9380400600E77 /* ThemeManager.swift */,
				68BC48B827DAA6DD00600E77 /* Localizable.strings */,
			);
			path = Support;
			sourceTree = "<group>";
		};
		68BC481E27D934EA00600E77 /* Login API */ = {
			isa = PBXGroup;
			children = (
				68BC482027D9350200600E77 /* LoginAPIBuilder.swift */,
				68BC482627D9350200600E77 /* LoginAPIInteractor.swift */,
				68BC482327D9350200600E77 /* LoginAPIPresenter.swift */,
				68BC482227D9350200600E77 /* LoginAPIViewController.swift */,
				68BC482127D9350200600E77 /* LoginAPIViewController.xib */,
				68BC482527D9350200600E77 /* LoginAPIViewModel.swift */,
				68BC482427D9350200600E77 /* LoginAPIWireframe.swift */,
			);
			path = "Login API";
			sourceTree = "<group>";
		};
		68BC481F27D934F400600E77 /* Character List */ = {
			isa = PBXGroup;
			children = (
				68BC483027D9350A00600E77 /* CharacterListBuilder.swift */,
				68BC483227D9350B00600E77 /* CharacterListInteractor.swift */,
				68BC482F27D9350A00600E77 /* CharacterListPresenter.swift */,
				68BC483127D9350A00600E77 /* CharacterListViewController.swift */,
				68BC483427D9350B00600E77 /* CharacterListViewController.xib */,
				68BC482E27D9350A00600E77 /* CharacterListViewModel.swift */,
				68BC483327D9350B00600E77 /* CharacterListWireframe.swift */,
			);
			path = "Character List";
			sourceTree = "<group>";
		};
		68BC486A27D939A600600E77 /* No internet */ = {
			isa = PBXGroup;
			children = (
				68BC486D27D939F200600E77 /* CustomAlertViewController.swift */,
				68BC486E27D939F200600E77 /* CustomAlertViewController.xib */,
			);
			path = "No internet";
			sourceTree = "<group>";
		};
		68BC488E27D987A500600E77 /* Mocks */ = {
			isa = PBXGroup;
			children = (
				68BC489127D987D800600E77 /* request_success.json */,
				68BC488F27D987CE00600E77 /* DefaultValues.swift */,
			);
			path = Mocks;
			sourceTree = "<group>";
		};
		68BC489327DA9EBF00600E77 /* Character Detail */ = {
			isa = PBXGroup;
			children = (
				68BC489427DA9F1A00600E77 /* CharacterDetailPresenter.swift */,
				68BC489527DA9F1A00600E77 /* CharacterDetailViewController.swift */,
				68BC489627DA9F1A00600E77 /* CharacterDetailBuilder.swift */,
				68BC489727DA9F1A00600E77 /* CharacterDetailInteractor.swift */,
				68BC489827DA9F1A00600E77 /* CharacterDetailViewModel.swift */,
				68BC489927DA9F1A00600E77 /* CharacterDetailViewController.xib */,
				68BC489A27DA9F1A00600E77 /* CharacterDetailWireframe.swift */,
			);
			path = "Character Detail";
			sourceTree = "<group>";
		};
		68BC48A227DAA01900600E77 /* TableView */ = {
			isa = PBXGroup;
			children = (
				68BC487127D9758400600E77 /* CharacterListCell.swift */,
				68BC487227D9758400600E77 /* CharacterListCell.xib */,
				68BC487527D9759A00600E77 /* LoadingCell.swift */,
				68BC487627D9759A00600E77 /* LoadingCell.xib */,
				68BC48A427DAA06F00600E77 /* CharacterDetailHeaderCell.swift */,
				68BC48A527DAA06F00600E77 /* CharacterDetailHeaderCell.xib */,
				68BC48A827DAA18200600E77 /* DetailTableViewCell.swift */,
				68BC48A927DAA18200600E77 /* DetailTableViewCell.xib */,
			);
			path = TableView;
			sourceTree = "<group>";
		};
		68BC48A327DAA02700600E77 /* CollectionView */ = {
			isa = PBXGroup;
			children = (
				68BC48AC27DAA1E000600E77 /* DetailCollectionViewCell.swift */,
				68BC48AD27DAA1E000600E77 /* DetailCollectionViewCell.xib */,
				68BC48B027DAA35600600E77 /* LoaderSpinnerCollectionViewCell.swift */,
			);
			path = CollectionView;
			sourceTree = "<group>";
		};
		68BC48BA27DABA0E00600E77 /* Extend Detail */ = {
			isa = PBXGroup;
			children = (
				68BC48BC27DABA8200600E77 /* ExtendDetailViewController.swift */,
				68BC48BD27DABA8200600E77 /* ExtendDetailViewController.xib */,
			);
			path = "Extend Detail";
			sourceTree = "<group>";
		};
		68BC48BB27DABA1F00600E77 /* Character Wiki */ = {
			isa = PBXGroup;
			children = (
				68BC48C027DABBE300600E77 /* CharacterWikiViewController.swift */,
				68BC48C127DABBE300600E77 /* CharacterWikiViewController.xib */,
			);
			path = "Character Wiki";
			sourceTree = "<group>";
		};
/* End PBXGroup section */

/* Begin PBXNativeTarget section */
		68BC47B327D9294B00600E77 /* MarvelChallenge */ = {
			isa = PBXNativeTarget;
			buildConfigurationList = 68BC47DE27D9294D00600E77 /* Build configuration list for PBXNativeTarget "MarvelChallenge" */;
			buildPhases = (
				68BC47B027D9294B00600E77 /* Sources */,
				68BC47B127D9294B00600E77 /* Frameworks */,
				68BC47B227D9294B00600E77 /* Resources */,
			);
			buildRules = (
			);
			dependencies = (
			);
			name = MarvelChallenge;
			packageProductDependencies = (
				68BC483D27D9354100600E77 /* KeychainAccess */,
				68BC484027D9358100600E77 /* RxCocoa */,
				68BC484227D9358100600E77 /* RxSwift */,
				68BC488427D9775600600E77 /* Kingfisher */,
			);
			productName = MarvelChallenge;
			productReference = 68BC47B427D9294B00600E77 /* MarvelChallenge.app */;
			productType = "com.apple.product-type.application";
		};
		68BC47C927D9294D00600E77 /* MarvelChallengeTests */ = {
			isa = PBXNativeTarget;
			buildConfigurationList = 68BC47E127D9294D00600E77 /* Build configuration list for PBXNativeTarget "MarvelChallengeTests" */;
			buildPhases = (
				68BC47C627D9294D00600E77 /* Sources */,
				68BC47C727D9294D00600E77 /* Frameworks */,
				68BC47C827D9294D00600E77 /* Resources */,
			);
			buildRules = (
			);
			dependencies = (
				68BC47CC27D9294D00600E77 /* PBXTargetDependency */,
			);
			name = MarvelChallengeTests;
			productName = MarvelChallengeTests;
			productReference = 68BC47CA27D9294D00600E77 /* MarvelChallengeTests.xctest */;
			productType = "com.apple.product-type.bundle.unit-test";
		};
		68BC47D327D9294D00600E77 /* MarvelChallengeUITests */ = {
			isa = PBXNativeTarget;
			buildConfigurationList = 68BC47E427D9294D00600E77 /* Build configuration list for PBXNativeTarget "MarvelChallengeUITests" */;
			buildPhases = (
				68BC47D027D9294D00600E77 /* Sources */,
				68BC47D127D9294D00600E77 /* Frameworks */,
				68BC47D227D9294D00600E77 /* Resources */,
			);
			buildRules = (
			);
			dependencies = (
				68BC47D627D9294D00600E77 /* PBXTargetDependency */,
			);
			name = MarvelChallengeUITests;
			productName = MarvelChallengeUITests;
			productReference = 68BC47D427D9294D00600E77 /* MarvelChallengeUITests.xctest */;
			productType = "com.apple.product-type.bundle.ui-testing";
		};
/* End PBXNativeTarget section */

/* Begin PBXProject section */
		68BC47AC27D9294B00600E77 /* Project object */ = {
			isa = PBXProject;
			attributes = {
				BuildIndependentTargetsInParallel = 1;
				LastSwiftUpdateCheck = 1320;
				LastUpgradeCheck = 1320;
				TargetAttributes = {
					68BC47B327D9294B00600E77 = {
						CreatedOnToolsVersion = 13.2.1;
					};
					68BC47C927D9294D00600E77 = {
						CreatedOnToolsVersion = 13.2.1;
						TestTargetID = 68BC47B327D9294B00600E77;
					};
					68BC47D327D9294D00600E77 = {
						CreatedOnToolsVersion = 13.2.1;
						TestTargetID = 68BC47B327D9294B00600E77;
					};
				};
			};
			buildConfigurationList = 68BC47AF27D9294B00600E77 /* Build configuration list for PBXProject "MarvelChallenge" */;
			compatibilityVersion = "Xcode 13.0";
			developmentRegion = en;
			hasScannedForEncodings = 0;
			knownRegions = (
				en,
				Base,
				es,
			);
			mainGroup = 68BC47AB27D9294B00600E77;
			packageReferences = (
				68BC483C27D9354100600E77 /* XCRemoteSwiftPackageReference "KeychainAccess" */,
				68BC483F27D9358000600E77 /* XCRemoteSwiftPackageReference "RxSwift" */,
				68BC488327D9775600600E77 /* XCRemoteSwiftPackageReference "Kingfisher" */,
			);
			productRefGroup = 68BC47B527D9294B00600E77 /* Products */;
			projectDirPath = "";
			projectRoot = "";
			targets = (
				68BC47B327D9294B00600E77 /* MarvelChallenge */,
				68BC47C927D9294D00600E77 /* MarvelChallengeTests */,
				68BC47D327D9294D00600E77 /* MarvelChallengeUITests */,
			);
		};
/* End PBXProject section */

/* Begin PBXResourcesBuildPhase section */
		68BC47B227D9294B00600E77 /* Resources */ = {
			isa = PBXResourcesBuildPhase;
			buildActionMask = 2147483647;
			files = (
				68BC48BF27DABA8200600E77 /* ExtendDetailViewController.xib in Resources */,
				68BC487827D9759A00600E77 /* LoadingCell.xib in Resources */,
				68BC48B627DAA6DD00600E77 /* Localizable.strings in Resources */,
				68BC487027D939F200600E77 /* CustomAlertViewController.xib in Resources */,
				68BC483B27D9350B00600E77 /* CharacterListViewController.xib in Resources */,
				68BC48A027DA9F1A00600E77 /* CharacterDetailViewController.xib in Resources */,
				68BC48C327DABBE300600E77 /* CharacterWikiViewController.xib in Resources */,
				68BC47C427D9294D00600E77 /* LaunchScreen.storyboard in Resources */,
				68BC47C127D9294D00600E77 /* Assets.xcassets in Resources */,
				68BC48AF27DAA1E000600E77 /* DetailCollectionViewCell.xib in Resources */,
				68BC48AB27DAA18200600E77 /* DetailTableViewCell.xib in Resources */,
				68BC48A727DAA06F00600E77 /* CharacterDetailHeaderCell.xib in Resources */,
				68BC482827D9350200600E77 /* LoginAPIViewController.xib in Resources */,
				68BC487427D9758400600E77 /* CharacterListCell.xib in Resources */,
			);
			runOnlyForDeploymentPostprocessing = 0;
		};
		68BC47C827D9294D00600E77 /* Resources */ = {
			isa = PBXResourcesBuildPhase;
			buildActionMask = 2147483647;
			files = (
				68BC489227D987D800600E77 /* request_success.json in Resources */,
			);
			runOnlyForDeploymentPostprocessing = 0;
		};
		68BC47D227D9294D00600E77 /* Resources */ = {
			isa = PBXResourcesBuildPhase;
			buildActionMask = 2147483647;
			files = (
			);
			runOnlyForDeploymentPostprocessing = 0;
		};
/* End PBXResourcesBuildPhase section */

/* Begin PBXSourcesBuildPhase section */
		68BC47B027D9294B00600E77 /* Sources */ = {
			isa = PBXSourcesBuildPhase;
			buildActionMask = 2147483647;
			files = (
				68BC484927D9360500600E77 /* MarvelUrl.swift in Sources */,
				68BC489B27DA9F1A00600E77 /* CharacterDetailPresenter.swift in Sources */,
				68BC486127D937DF00600E77 /* ShakingTextField.swift in Sources */,
				68BC487327D9758400600E77 /* CharacterListCell.swift in Sources */,
				68BC483727D9350B00600E77 /* CharacterListBuilder.swift in Sources */,
				68BC482A27D9350200600E77 /* LoginAPIPresenter.swift in Sources */,
				68BC48C227DABBE300600E77 /* CharacterWikiViewController.swift in Sources */,
				68BC485F27D9376800600E77 /* SessionProtocol.swift in Sources */,
				68BC487727D9759A00600E77 /* LoadingCell.swift in Sources */,
				68BC485627D9371000600E77 /* APIRequest.swift in Sources */,
				68BC484727D935F500600E77 /* CharacterItems.swift in Sources */,
				68BC483A27D9350B00600E77 /* CharacterListWireframe.swift in Sources */,
				68BC483527D9350B00600E77 /* CharacterListViewModel.swift in Sources */,
				68BC485827D9371D00600E77 /* APIResponse.swift in Sources */,
				68BC485A27D9372C00600E77 /* APIError.swift in Sources */,
				68BC482727D9350200600E77 /* LoginAPIBuilder.swift in Sources */,
				68BC483827D9350B00600E77 /* CharacterListViewController.swift in Sources */,
				68BC486527D9391C00600E77 /* STLoaderSpinner.swift in Sources */,
				68BC489F27DA9F1A00600E77 /* CharacterDetailViewModel.swift in Sources */,
				68BC48BE27DABA8200600E77 /* ExtendDetailViewController.swift in Sources */,
				68BC488927D977B400600E77 /* SearchFooter.swift in Sources */,
				68BC484F27D936C400600E77 /* Alert.swift in Sources */,
				68BC488227D9768D00600E77 /* ImageDownload+UIImageView.swift in Sources */,
				68BC489C27DA9F1A00600E77 /* CharacterDetailViewController.swift in Sources */,
				68BC483927D9350B00600E77 /* CharacterListInteractor.swift in Sources */,
				68BC48A127DA9F1A00600E77 /* CharacterDetailWireframe.swift in Sources */,
				68BC483627D9350B00600E77 /* CharacterListPresenter.swift in Sources */,
				68BC485D27D9374200600E77 /* APIClient.swift in Sources */,
				68BC482C27D9350200600E77 /* LoginAPIViewModel.swift in Sources */,
				68BC486327D9380400600E77 /* ThemeManager.swift in Sources */,
				68BC489D27DA9F1A00600E77 /* CharacterDetailBuilder.swift in Sources */,
				68BC48AA27DAA18200600E77 /* DetailTableViewCell.swift in Sources */,
				68BC485227D936F600600E77 /* MVReachability.swift in Sources */,
				68BC47B827D9294B00600E77 /* AppDelegate.swift in Sources */,
				68BC484D27D9366400600E77 /* Localized+String.swift in Sources */,
				68BC482927D9350200600E77 /* LoginAPIViewController.swift in Sources */,
				68BC489E27DA9F1A00600E77 /* CharacterDetailInteractor.swift in Sources */,
				68BC48AE27DAA1E000600E77 /* DetailCollectionViewCell.swift in Sources */,
				68BC481D27D934D200600E77 /* APIKeys.swift in Sources */,
				68BC48A627DAA06F00600E77 /* CharacterDetailHeaderCell.swift in Sources */,
				68BC486F27D939F200600E77 /* CustomAlertViewController.swift in Sources */,
				68BC486927D9397900600E77 /* CustomAlert+UIViewController.swift in Sources */,
				68BC488727D9779800600E77 /* AutoSearchTimer.swift in Sources */,
				68BC482D27D9350200600E77 /* LoginAPIInteractor.swift in Sources */,
				68BC485427D9370300600E77 /* APIConfiguration.swift in Sources */,
				68BC47BA27D9294B00600E77 /* SceneDelegate.swift in Sources */,
				68BC484527D935CF00600E77 /* Character.swift in Sources */,
				68BC484B27D9361900600E77 /* MarvelImage.swift in Sources */,
				68BC48B127DAA35600600E77 /* LoaderSpinnerCollectionViewCell.swift in Sources */,
				68BC486727D9394900600E77 /* BorderBottom+UITextField.swift in Sources */,
				68BC482B27D9350200600E77 /* LoginAPIWireframe.swift in Sources */,
			);
			runOnlyForDeploymentPostprocessing = 0;
		};
		68BC47C627D9294D00600E77 /* Sources */ = {
			isa = PBXSourcesBuildPhase;
			buildActionMask = 2147483647;
			files = (
				68BC488D27D9833600600E77 /* CharacterListPresenterTest.swift in Sources */,
				68BC488B27D9830100600E77 /* LoginPresenterTest.swift in Sources */,
				68BC47CF27D9294D00600E77 /* MarvelChallengeTests.swift in Sources */,
				68BC489027D987CE00600E77 /* DefaultValues.swift in Sources */,
			);
			runOnlyForDeploymentPostprocessing = 0;
		};
		68BC47D027D9294D00600E77 /* Sources */ = {
			isa = PBXSourcesBuildPhase;
			buildActionMask = 2147483647;
			files = (
				68BC47D927D9294D00600E77 /* MarvelChallengeUITests.swift in Sources */,
				68BC47DB27D9294D00600E77 /* MarvelChallengeUITestsLaunchTests.swift in Sources */,
			);
			runOnlyForDeploymentPostprocessing = 0;
		};
/* End PBXSourcesBuildPhase section */

/* Begin PBXTargetDependency section */
		68BC47CC27D9294D00600E77 /* PBXTargetDependency */ = {
			isa = PBXTargetDependency;
			target = 68BC47B327D9294B00600E77 /* MarvelChallenge */;
			targetProxy = 68BC47CB27D9294D00600E77 /* PBXContainerItemProxy */;
		};
		68BC47D627D9294D00600E77 /* PBXTargetDependency */ = {
			isa = PBXTargetDependency;
			target = 68BC47B327D9294B00600E77 /* MarvelChallenge */;
			targetProxy = 68BC47D527D9294D00600E77 /* PBXContainerItemProxy */;
		};
/* End PBXTargetDependency section */

/* Begin PBXVariantGroup section */
		68BC47C227D9294D00600E77 /* LaunchScreen.storyboard */ = {
			isa = PBXVariantGroup;
			children = (
				68BC47C327D9294D00600E77 /* Base */,
				68BC48B327DAA69D00600E77 /* es */,
			);
			name = LaunchScreen.storyboard;
			sourceTree = "<group>";
		};
		68BC48B827DAA6DD00600E77 /* Localizable.strings */ = {
			isa = PBXVariantGroup;
			children = (
				68BC48B727DAA6DD00600E77 /* en */,
				68BC48B927DAA6DE00600E77 /* es */,
			);
			name = Localizable.strings;
			sourceTree = "<group>";
		};
/* End PBXVariantGroup section */

/* Begin XCBuildConfiguration section */
		68BC47DC27D9294D00600E77 /* Debug */ = {
			isa = XCBuildConfiguration;
			buildSettings = {
				ALWAYS_SEARCH_USER_PATHS = NO;
				CLANG_ANALYZER_LOCALIZABILITY_NONLOCALIZED = YES;
				CLANG_ANALYZER_NONNULL = YES;
				CLANG_ANALYZER_NUMBER_OBJECT_CONVERSION = YES_AGGRESSIVE;
				CLANG_CXX_LANGUAGE_STANDARD = "gnu++17";
				CLANG_CXX_LIBRARY = "libc++";
				CLANG_ENABLE_MODULES = YES;
				CLANG_ENABLE_OBJC_ARC = YES;
				CLANG_ENABLE_OBJC_WEAK = YES;
				CLANG_WARN_BLOCK_CAPTURE_AUTORELEASING = YES;
				CLANG_WARN_BOOL_CONVERSION = YES;
				CLANG_WARN_COMMA = YES;
				CLANG_WARN_CONSTANT_CONVERSION = YES;
				CLANG_WARN_DEPRECATED_OBJC_IMPLEMENTATIONS = YES;
				CLANG_WARN_DIRECT_OBJC_ISA_USAGE = YES_ERROR;
				CLANG_WARN_DOCUMENTATION_COMMENTS = YES;
				CLANG_WARN_EMPTY_BODY = YES;
				CLANG_WARN_ENUM_CONVERSION = YES;
				CLANG_WARN_INFINITE_RECURSION = YES;
				CLANG_WARN_INT_CONVERSION = YES;
				CLANG_WARN_NON_LITERAL_NULL_CONVERSION = YES;
				CLANG_WARN_OBJC_IMPLICIT_RETAIN_SELF = YES;
				CLANG_WARN_OBJC_LITERAL_CONVERSION = YES;
				CLANG_WARN_OBJC_ROOT_CLASS = YES_ERROR;
				CLANG_WARN_QUOTED_INCLUDE_IN_FRAMEWORK_HEADER = YES;
				CLANG_WARN_RANGE_LOOP_ANALYSIS = YES;
				CLANG_WARN_STRICT_PROTOTYPES = YES;
				CLANG_WARN_SUSPICIOUS_MOVE = YES;
				CLANG_WARN_UNGUARDED_AVAILABILITY = YES_AGGRESSIVE;
				CLANG_WARN_UNREACHABLE_CODE = YES;
				CLANG_WARN__DUPLICATE_METHOD_MATCH = YES;
				COPY_PHASE_STRIP = NO;
				DEBUG_INFORMATION_FORMAT = dwarf;
				ENABLE_STRICT_OBJC_MSGSEND = YES;
				ENABLE_TESTABILITY = YES;
				GCC_C_LANGUAGE_STANDARD = gnu11;
				GCC_DYNAMIC_NO_PIC = NO;
				GCC_NO_COMMON_BLOCKS = YES;
				GCC_OPTIMIZATION_LEVEL = 0;
				GCC_PREPROCESSOR_DEFINITIONS = (
					"DEBUG=1",
					"$(inherited)",
				);
				GCC_WARN_64_TO_32_BIT_CONVERSION = YES;
				GCC_WARN_ABOUT_RETURN_TYPE = YES_ERROR;
				GCC_WARN_UNDECLARED_SELECTOR = YES;
				GCC_WARN_UNINITIALIZED_AUTOS = YES_AGGRESSIVE;
				GCC_WARN_UNUSED_FUNCTION = YES;
				GCC_WARN_UNUSED_VARIABLE = YES;
				IPHONEOS_DEPLOYMENT_TARGET = 15.2;
				MTL_ENABLE_DEBUG_INFO = INCLUDE_SOURCE;
				MTL_FAST_MATH = YES;
				ONLY_ACTIVE_ARCH = YES;
				SDKROOT = iphoneos;
				SWIFT_ACTIVE_COMPILATION_CONDITIONS = DEBUG;
				SWIFT_OPTIMIZATION_LEVEL = "-Onone";
			};
			name = Debug;
		};
		68BC47DD27D9294D00600E77 /* Release */ = {
			isa = XCBuildConfiguration;
			buildSettings = {
				ALWAYS_SEARCH_USER_PATHS = NO;
				CLANG_ANALYZER_LOCALIZABILITY_NONLOCALIZED = YES;
				CLANG_ANALYZER_NONNULL = YES;
				CLANG_ANALYZER_NUMBER_OBJECT_CONVERSION = YES_AGGRESSIVE;
				CLANG_CXX_LANGUAGE_STANDARD = "gnu++17";
				CLANG_CXX_LIBRARY = "libc++";
				CLANG_ENABLE_MODULES = YES;
				CLANG_ENABLE_OBJC_ARC = YES;
				CLANG_ENABLE_OBJC_WEAK = YES;
				CLANG_WARN_BLOCK_CAPTURE_AUTORELEASING = YES;
				CLANG_WARN_BOOL_CONVERSION = YES;
				CLANG_WARN_COMMA = YES;
				CLANG_WARN_CONSTANT_CONVERSION = YES;
				CLANG_WARN_DEPRECATED_OBJC_IMPLEMENTATIONS = YES;
				CLANG_WARN_DIRECT_OBJC_ISA_USAGE = YES_ERROR;
				CLANG_WARN_DOCUMENTATION_COMMENTS = YES;
				CLANG_WARN_EMPTY_BODY = YES;
				CLANG_WARN_ENUM_CONVERSION = YES;
				CLANG_WARN_INFINITE_RECURSION = YES;
				CLANG_WARN_INT_CONVERSION = YES;
				CLANG_WARN_NON_LITERAL_NULL_CONVERSION = YES;
				CLANG_WARN_OBJC_IMPLICIT_RETAIN_SELF = YES;
				CLANG_WARN_OBJC_LITERAL_CONVERSION = YES;
				CLANG_WARN_OBJC_ROOT_CLASS = YES_ERROR;
				CLANG_WARN_QUOTED_INCLUDE_IN_FRAMEWORK_HEADER = YES;
				CLANG_WARN_RANGE_LOOP_ANALYSIS = YES;
				CLANG_WARN_STRICT_PROTOTYPES = YES;
				CLANG_WARN_SUSPICIOUS_MOVE = YES;
				CLANG_WARN_UNGUARDED_AVAILABILITY = YES_AGGRESSIVE;
				CLANG_WARN_UNREACHABLE_CODE = YES;
				CLANG_WARN__DUPLICATE_METHOD_MATCH = YES;
				COPY_PHASE_STRIP = NO;
				DEBUG_INFORMATION_FORMAT = "dwarf-with-dsym";
				ENABLE_NS_ASSERTIONS = NO;
				ENABLE_STRICT_OBJC_MSGSEND = YES;
				GCC_C_LANGUAGE_STANDARD = gnu11;
				GCC_NO_COMMON_BLOCKS = YES;
				GCC_WARN_64_TO_32_BIT_CONVERSION = YES;
				GCC_WARN_ABOUT_RETURN_TYPE = YES_ERROR;
				GCC_WARN_UNDECLARED_SELECTOR = YES;
				GCC_WARN_UNINITIALIZED_AUTOS = YES_AGGRESSIVE;
				GCC_WARN_UNUSED_FUNCTION = YES;
				GCC_WARN_UNUSED_VARIABLE = YES;
				IPHONEOS_DEPLOYMENT_TARGET = 15.2;
				MTL_ENABLE_DEBUG_INFO = NO;
				MTL_FAST_MATH = YES;
				SDKROOT = iphoneos;
				SWIFT_COMPILATION_MODE = wholemodule;
				SWIFT_OPTIMIZATION_LEVEL = "-O";
				VALIDATE_PRODUCT = YES;
			};
			name = Release;
		};
		68BC47DF27D9294D00600E77 /* Debug */ = {
			isa = XCBuildConfiguration;
			buildSettings = {
				ASSETCATALOG_COMPILER_APPICON_NAME = AppIcon;
				CODE_SIGN_STYLE = Automatic;
				CURRENT_PROJECT_VERSION = 1;
				GENERATE_INFOPLIST_FILE = YES;
				INFOPLIST_FILE = MarvelChallenge/Support/Info.plist;
				INFOPLIST_KEY_UIApplicationSupportsIndirectInputEvents = YES;
				INFOPLIST_KEY_UILaunchStoryboardName = LaunchScreen;
				INFOPLIST_KEY_UISupportedInterfaceOrientations_iPad = "UIInterfaceOrientationPortrait UIInterfaceOrientationPortraitUpsideDown UIInterfaceOrientationLandscapeLeft UIInterfaceOrientationLandscapeRight";
				INFOPLIST_KEY_UISupportedInterfaceOrientations_iPhone = "UIInterfaceOrientationPortrait UIInterfaceOrientationLandscapeLeft UIInterfaceOrientationLandscapeRight";
				LD_RUNPATH_SEARCH_PATHS = (
					"$(inherited)",
					"@executable_path/Frameworks",
				);
				MARKETING_VERSION = 1.0;
				PRODUCT_BUNDLE_IDENTIFIER = com.carlos.MarvelChallenge;
				PRODUCT_NAME = "$(TARGET_NAME)";
				SWIFT_EMIT_LOC_STRINGS = YES;
				SWIFT_VERSION = 5.0;
				TARGETED_DEVICE_FAMILY = "1,2";
			};
			name = Debug;
		};
		68BC47E027D9294D00600E77 /* Release */ = {
			isa = XCBuildConfiguration;
			buildSettings = {
				ASSETCATALOG_COMPILER_APPICON_NAME = AppIcon;
				CODE_SIGN_STYLE = Automatic;
				CURRENT_PROJECT_VERSION = 1;
				GENERATE_INFOPLIST_FILE = YES;
				INFOPLIST_FILE = MarvelChallenge/Support/Info.plist;
				INFOPLIST_KEY_UIApplicationSupportsIndirectInputEvents = YES;
				INFOPLIST_KEY_UILaunchStoryboardName = LaunchScreen;
				INFOPLIST_KEY_UISupportedInterfaceOrientations_iPad = "UIInterfaceOrientationPortrait UIInterfaceOrientationPortraitUpsideDown UIInterfaceOrientationLandscapeLeft UIInterfaceOrientationLandscapeRight";
				INFOPLIST_KEY_UISupportedInterfaceOrientations_iPhone = "UIInterfaceOrientationPortrait UIInterfaceOrientationLandscapeLeft UIInterfaceOrientationLandscapeRight";
				LD_RUNPATH_SEARCH_PATHS = (
					"$(inherited)",
					"@executable_path/Frameworks",
				);
				MARKETING_VERSION = 1.0;
				PRODUCT_BUNDLE_IDENTIFIER = com.carlos.MarvelChallenge;
				PRODUCT_NAME = "$(TARGET_NAME)";
				SWIFT_EMIT_LOC_STRINGS = YES;
				SWIFT_VERSION = 5.0;
				TARGETED_DEVICE_FAMILY = "1,2";
			};
			name = Release;
		};
		68BC47E227D9294D00600E77 /* Debug */ = {
			isa = XCBuildConfiguration;
			buildSettings = {
				ALWAYS_EMBED_SWIFT_STANDARD_LIBRARIES = YES;
				BUNDLE_LOADER = "$(TEST_HOST)";
				CODE_SIGN_STYLE = Automatic;
				CURRENT_PROJECT_VERSION = 1;
				GENERATE_INFOPLIST_FILE = YES;
				IPHONEOS_DEPLOYMENT_TARGET = 15.2;
				MARKETING_VERSION = 1.0;
				PRODUCT_BUNDLE_IDENTIFIER = com.carlos.MarvelChallengeTests;
				PRODUCT_NAME = "$(TARGET_NAME)";
				SWIFT_EMIT_LOC_STRINGS = NO;
				SWIFT_VERSION = 5.0;
				TARGETED_DEVICE_FAMILY = "1,2";
				TEST_HOST = "$(BUILT_PRODUCTS_DIR)/MarvelChallenge.app/MarvelChallenge";
			};
			name = Debug;
		};
		68BC47E327D9294D00600E77 /* Release */ = {
			isa = XCBuildConfiguration;
			buildSettings = {
				ALWAYS_EMBED_SWIFT_STANDARD_LIBRARIES = YES;
				BUNDLE_LOADER = "$(TEST_HOST)";
				CODE_SIGN_STYLE = Automatic;
				CURRENT_PROJECT_VERSION = 1;
				GENERATE_INFOPLIST_FILE = YES;
				IPHONEOS_DEPLOYMENT_TARGET = 15.2;
				MARKETING_VERSION = 1.0;
				PRODUCT_BUNDLE_IDENTIFIER = com.carlos.MarvelChallengeTests;
				PRODUCT_NAME = "$(TARGET_NAME)";
				SWIFT_EMIT_LOC_STRINGS = NO;
				SWIFT_VERSION = 5.0;
				TARGETED_DEVICE_FAMILY = "1,2";
				TEST_HOST = "$(BUILT_PRODUCTS_DIR)/MarvelChallenge.app/MarvelChallenge";
			};
			name = Release;
		};
		68BC47E527D9294D00600E77 /* Debug */ = {
			isa = XCBuildConfiguration;
			buildSettings = {
				ALWAYS_EMBED_SWIFT_STANDARD_LIBRARIES = YES;
				CODE_SIGN_STYLE = Automatic;
				CURRENT_PROJECT_VERSION = 1;
				GENERATE_INFOPLIST_FILE = YES;
				MARKETING_VERSION = 1.0;
				PRODUCT_BUNDLE_IDENTIFIER = com.carlos.MarvelChallengeUITests;
				PRODUCT_NAME = "$(TARGET_NAME)";
				SWIFT_EMIT_LOC_STRINGS = NO;
				SWIFT_VERSION = 5.0;
				TARGETED_DEVICE_FAMILY = "1,2";
				TEST_TARGET_NAME = MarvelChallenge;
			};
			name = Debug;
		};
		68BC47E627D9294D00600E77 /* Release */ = {
			isa = XCBuildConfiguration;
			buildSettings = {
				ALWAYS_EMBED_SWIFT_STANDARD_LIBRARIES = YES;
				CODE_SIGN_STYLE = Automatic;
				CURRENT_PROJECT_VERSION = 1;
				GENERATE_INFOPLIST_FILE = YES;
				MARKETING_VERSION = 1.0;
				PRODUCT_BUNDLE_IDENTIFIER = com.carlos.MarvelChallengeUITests;
				PRODUCT_NAME = "$(TARGET_NAME)";
				SWIFT_EMIT_LOC_STRINGS = NO;
				SWIFT_VERSION = 5.0;
				TARGETED_DEVICE_FAMILY = "1,2";
				TEST_TARGET_NAME = MarvelChallenge;
			};
			name = Release;
		};
/* End XCBuildConfiguration section */

/* Begin XCConfigurationList section */
		68BC47AF27D9294B00600E77 /* Build configuration list for PBXProject "MarvelChallenge" */ = {
			isa = XCConfigurationList;
			buildConfigurations = (
				68BC47DC27D9294D00600E77 /* Debug */,
				68BC47DD27D9294D00600E77 /* Release */,
			);
			defaultConfigurationIsVisible = 0;
			defaultConfigurationName = Release;
		};
		68BC47DE27D9294D00600E77 /* Build configuration list for PBXNativeTarget "MarvelChallenge" */ = {
			isa = XCConfigurationList;
			buildConfigurations = (
				68BC47DF27D9294D00600E77 /* Debug */,
				68BC47E027D9294D00600E77 /* Release */,
			);
			defaultConfigurationIsVisible = 0;
			defaultConfigurationName = Release;
		};
		68BC47E127D9294D00600E77 /* Build configuration list for PBXNativeTarget "MarvelChallengeTests" */ = {
			isa = XCConfigurationList;
			buildConfigurations = (
				68BC47E227D9294D00600E77 /* Debug */,
				68BC47E327D9294D00600E77 /* Release */,
			);
			defaultConfigurationIsVisible = 0;
			defaultConfigurationName = Release;
		};
		68BC47E427D9294D00600E77 /* Build configuration list for PBXNativeTarget "MarvelChallengeUITests" */ = {
			isa = XCConfigurationList;
			buildConfigurations = (
				68BC47E527D9294D00600E77 /* Debug */,
				68BC47E627D9294D00600E77 /* Release */,
			);
			defaultConfigurationIsVisible = 0;
			defaultConfigurationName = Release;
		};
/* End XCConfigurationList section */

/* Begin XCRemoteSwiftPackageReference section */
		68BC483C27D9354100600E77 /* XCRemoteSwiftPackageReference "KeychainAccess" */ = {
			isa = XCRemoteSwiftPackageReference;
			repositoryURL = "https://github.com/kishikawakatsumi/KeychainAccess";
			requirement = {
				branch = master;
				kind = branch;
			};
		};
		68BC483F27D9358000600E77 /* XCRemoteSwiftPackageReference "RxSwift" */ = {
			isa = XCRemoteSwiftPackageReference;
			repositoryURL = "https://github.com/ReactiveX/RxSwift";
			requirement = {
				kind = upToNextMajorVersion;
				minimumVersion = 6.0.0;
			};
		};
		68BC488327D9775600600E77 /* XCRemoteSwiftPackageReference "Kingfisher" */ = {
			isa = XCRemoteSwiftPackageReference;
			repositoryURL = "https://github.com/onevcat/Kingfisher";
			requirement = {
				kind = upToNextMajorVersion;
				minimumVersion = 7.0.0;
			};
		};
/* End XCRemoteSwiftPackageReference section */

/* Begin XCSwiftPackageProductDependency section */
		68BC483D27D9354100600E77 /* KeychainAccess */ = {
			isa = XCSwiftPackageProductDependency;
			package = 68BC483C27D9354100600E77 /* XCRemoteSwiftPackageReference "KeychainAccess" */;
			productName = KeychainAccess;
		};
		68BC484027D9358100600E77 /* RxCocoa */ = {
			isa = XCSwiftPackageProductDependency;
			package = 68BC483F27D9358000600E77 /* XCRemoteSwiftPackageReference "RxSwift" */;
			productName = RxCocoa;
		};
		68BC484227D9358100600E77 /* RxSwift */ = {
			isa = XCSwiftPackageProductDependency;
			package = 68BC483F27D9358000600E77 /* XCRemoteSwiftPackageReference "RxSwift" */;
			productName = RxSwift;
		};
		68BC488427D9775600600E77 /* Kingfisher */ = {
			isa = XCSwiftPackageProductDependency;
			package = 68BC488327D9775600600E77 /* XCRemoteSwiftPackageReference "Kingfisher" */;
			productName = Kingfisher;
		};
/* End XCSwiftPackageProductDependency section */
	};
	rootObject = 68BC47AC27D9294B00600E77 /* Project object */;
}
